{
    "_meta": {
        "hash": {
            "sha256": "ca7b6cd119b425aed67363cfa94d24d82056e9bfdaf937af23318ce300644893"
        },
        "pipfile-spec": 6,
        "requires": {
            "python_version": "3.6"
        },
        "sources": [
            {
                "name": "pypi",
                "url": "https://pypi.org/simple",
                "verify_ssl": true
            }
        ]
    },
    "default": {
        "certifi": {
            "hashes": [
                "sha256:13e698f54293db9f89122b0581843a782ad0934a4fe0172d2a980ba77fc61bb7",
                "sha256:9fa520c1bacfb634fa7af20a76bcbd3d5fb390481724c597da32c719a7dca4b0"
            ],
            "version": "==2018.4.16"
        },
        "chardet": {
            "hashes": [
                "sha256:84ab92ed1c4d4f16916e05906b6b75a6c0fb5db821cc65e70cbd64a3e2a5eaae",
                "sha256:fc323ffcaeaed0e0a02bf4d117757b98aed530d9ed4531e3e15460124c106691"
            ],
            "version": "==3.0.4"
        },
        "click": {
            "hashes": [
                "sha256:29f99fc6125fbc931b758dc053b3114e55c77a6e4c6c3a2674a2dc986016381d",
                "sha256:f15516df478d5a56180fbf80e68f206010e6d160fc39fa508b65e035fd75130b"
            ],
            "version": "==6.7"
        },
        "flask": {
            "hashes": [
                "sha256:2271c0070dbcb5275fad4a82e29f23ab92682dc45f9dfbc22c02ba9b9322ce48",
                "sha256:a080b744b7e345ccfcbc77954861cb05b3c63786e93f2b3875e0913d44b43f05"
            ],
            "index": "pypi",
            "version": "==1.0.2"
        },
        "idna": {
            "hashes": [
                "sha256:156a6814fb5ac1fc6850fb002e0852d56c0c8d2531923a51032d1b70760e186e",
                "sha256:684a38a6f903c1d71d6d5fac066b58d7768af4de2b832e426ec79c30daa94a16"
            ],
            "version": "==2.7"
        },
        "itsdangerous": {
            "hashes": [
                "sha256:cbb3fcf8d3e33df861709ecaf89d9e6629cff0a217bc2848f1b41cd30d360519"
            ],
            "version": "==0.24"
        },
        "jinja2": {
            "hashes": [
                "sha256:74c935a1b8bb9a3947c50a54766a969d4846290e1e788ea44c1392163723c3bd",
                "sha256:f84be1bb0040caca4cea721fcbbbbd61f9be9464ca236387158b0feea01914a4"
            ],
            "version": "==2.10"
        },
        "markupsafe": {
            "hashes": [
                "sha256:a6be69091dac236ea9c6bc7d012beab42010fa914c459791d627dad4910eb665"
            ],
            "version": "==1.0"
        },
        "numpy": {
            "hashes": [
                "sha256:07379fe0b450f6fd6e5934a9bc015025bb4ce1c8fbed3ca8bef29328b1bc9570",
                "sha256:085afac75bbc97a096744fcfc97a4b321c5a87220286811e85089ae04885acdd",
                "sha256:2d6481c6bdab1c75affc0fc71eb1bd4b3ecef620d06f2f60c3f00521d54be04f",
                "sha256:2df854df882d322d5c23087a4959e145b953dfff2abe1774fec4f639ac2f3160",
                "sha256:381ad13c30cd1d0b2f3da8a0c1a4aa697487e8bb0e9e0cbeb7439776bcb645f8",
                "sha256:385f1ce46e08676505b692bfde918c1e0b350963a15ef52d77691c2cf0f5dbf6",
                "sha256:4130e5ae16c656b7de654dc5e595cfeb85d3a4b0bb0734d19c0dce6dc7ee0e07",
                "sha256:4d278c2261be6423c5e63d8f0ceb1b0c6db3ff83f2906f4b860db6ae99ca1bb5",
                "sha256:51c5dcb51cf88b34b7d04c15f600b07c6ccbb73a089a38af2ab83c02862318da",
                "sha256:589336ba5199c8061239cf446ee2f2f1fcc0c68e8531ee1382b6fc0c66b2d388",
                "sha256:5ae3564cb630e155a650f4f9c054589848e97836bebae5637240a0d8099f817b",
                "sha256:5edf1acc827ed139086af95ce4449b7b664f57a8c29eb755411a634be280d9f2",
                "sha256:6b82b81c6b3b70ed40bc6d0b71222ebfcd6b6c04a6e7945a936e514b9113d5a3",
                "sha256:6c57f973218b776195d0356e556ec932698f3a563e2f640cfca7020086383f50",
                "sha256:758d1091a501fd2d75034e55e7e98bfd1370dc089160845c242db1c760d944d9",
                "sha256:8622db292b766719810e0cb0f62ef6141e15fe32b04e4eb2959888319e59336b",
                "sha256:8b8dcfcd630f1981f0f1e3846fae883376762a0c1b472baa35b145b911683b7b",
                "sha256:91fdd510743ae4df862dbd51a4354519dd9fb8941347526cd9c2194b792b3da9",
                "sha256:97fa8f1dceffab782069b291e38c4c2227f255cdac5f1e3346666931df87373e",
                "sha256:9b705f18b26fb551366ab6347ba9941b62272bf71c6bbcadcd8af94d10535241",
                "sha256:9d69967673ab7b028c2df09cae05ba56bf4e39e3cb04ebe452b6035c3b49848e",
                "sha256:9e1f53afae865cc32459ad211493cf9e2a3651a7295b7a38654ef3d123808996",
                "sha256:a4a433b3a264dbc9aa9c7c241e87c0358a503ea6394f8737df1683c7c9a102ac",
                "sha256:baadc5f770917ada556afb7651a68176559f4dca5f4b2d0947cd15b9fb84fb51",
                "sha256:c725d11990a9243e6ceffe0ab25a07c46c1cc2c5dc55e305717b5afe856c9608",
                "sha256:d696a8c87315a83983fc59dd27efe034292b9e8ad667aeae51a68b4be14690d9",
                "sha256:e1864a4e9f93ddb2dc6b62ccc2ec1f8250ff4ac0d3d7a15c8985dd4e1fbd6418",
                "sha256:e1d18421a7e2ad4a655b76e65d549d4159f8874c18a417464c1d439ee7ccc7cd"
            ],
            "markers": "python_version != '3.0.*' and python_version != '3.2.*' and python_version != '3.3.*' and python_version >= '2.7' and python_version != '3.1.*'",
            "version": "==1.14.5"
        },
        "opencv-python-headless": {
            "hashes": [
                "sha256:0e28e29b980ee7e179d738c3a68c6da6849ba3c4249c29fcd7ef01976f1786fc",
                "sha256:16b8424846a8901d755b1b7274db6812dd7a36b73e296d2e37027ad75b076d04",
                "sha256:1a1461e001e846a8c5788e8910e3ccd9617c2b1ccd602bfd273b2cc24bf5e377",
                "sha256:2efd0ecc1978e8d2c7dd2b1ce5eb5ca19bb16a9559e720b114cef43e9b1a61ef",
                "sha256:2fe23512a7f4f41646e2b71853f15d50881b0e30e234f7adae43ce52cd34dc16",
                "sha256:39223f89aab3650456d2dc53b145372f69fd46f32e6f75af6d785706f24d2ffc",
                "sha256:5eddf07e7b9fb3e32ada11b88ad6d159e88df57c78225ddc680f7ac34098aa05",
                "sha256:7422659125594d1b2a1b597313377c0d18547c86a2547cef1153bb3a74a38f12",
                "sha256:744539bae88a983fc49a4e8c7c8f4782b0d66ffac596621bb495878f18c8ffb3",
                "sha256:7d3abdbc30ff2af4b9cb077a2e24b9bbe2bfc991686d1fc6139b5206634507e3",
                "sha256:8c5a442f1ef306eb02a6c52bbc58fa5d3901d7d27fef9fd83b0b7c93fefd8c85",
                "sha256:95e3b9a98d103da8564ecbea09a3885f41c0214a7e334fbdb4cf6a5ee8799220",
                "sha256:9a932ca742421fab2aa26e16b7a03090cdcef9ecfb08bcf6a2d729b9a5f97fdc",
                "sha256:9d4beb7bc0f388d877ef9ef98694b14ce3dc080eaaa45c368a8eb2ce8b55e560",
                "sha256:a09e10dd0e47d26c79c21a553fac976bbe509b351285aea4c51fe51e9f693f47",
                "sha256:b0a484ec5313dfa8f4466acdf0f2a0454c2a33e4f04ba6ad8e229080a6370e1a",
                "sha256:b19a823f6a19ff8908cff0c874e5c4b80b45dcec15788a30a2c72d850935007c",
                "sha256:b26e957e4c030d0f85934ed2a54364d44f0e1eeb6c15fd56efce15aa8025e508",
                "sha256:de1c18f9f485d30904adf9f5faa32c560abfe7c8d2c858b9ba1b07c055125666",
                "sha256:e39c92b03cd2b13924df8dd6a78f04d8fd13e037c84c972653a66fae68fd4422",
                "sha256:e69137e79f66b8d69744c5aec0d9fc8ad359cfc5af8828c153a77d1187c04906",
                "sha256:e6efb1761c788b91ba6859c8129dfc3752b6d948f721ef5eddb236a9752b5e67",
                "sha256:e7415c2caaabebcc1880c994516ceb210ad2b5c9a40f2d41d404cfaa6addd107",
                "sha256:eebe2c13a4a8e9f140451e5fc2c1f88d1dda78108ebbf400c78c4c0bdc9f850e",
                "sha256:ef1483804b31902bfe591687fc08fc0f0e3a281dd4bd9ab89c2698a30c968154",
                "sha256:f66d423a30ed81af8d5e69ca0866a535d63d4e197ed860356203fa10d127bc78"
            ],
            "index": "pypi",
            "version": "==3.4.2.16"
        },
        "requests": {
            "hashes": [
                "sha256:63b52e3c866428a224f97cab011de738c36aec0185aa91cfacd418b5d58911d1",
                "sha256:ec22d826a36ed72a7358ff3fe56cbd4ba69dd7a6718ffd450ff0e9df7a47ce6a"
            ],
            "index": "pypi",
            "version": "==2.19.1"
        },
        "urllib3": {
            "hashes": [
                "sha256:a68ac5e15e76e7e5dd2b8f94007233e01effe3e50e8daddf69acfd81cb686baf",
                "sha256:b5725a0bd4ba422ab0e66e89e030c806576753ea3ee08554382c14e685d117b5"
            ],
            "markers": "python_version != '3.2.*' and python_version != '3.3.*' and python_version >= '2.6' and python_version < '4' and python_version != '3.1.*' and python_version != '3.0.*'",
            "version": "==1.23"
        },
        "werkzeug": {
            "hashes": [
                "sha256:c3fd7a7d41976d9f44db327260e263132466836cef6f91512889ed60ad26557c",
                "sha256:d5da73735293558eb1651ee2fddc4d0dedcfa06538b8813a2e20011583c9e49b"
            ],
            "version": "==0.14.1"
        }
    },
    "develop": {
        "atomicwrites": {
            "hashes": [
                "sha256:240831ea22da9ab882b551b31d4225591e5e447a68c5e188db5b89ca1d487585",
                "sha256:a24da68318b08ac9c9c45029f4a10371ab5b20e4226738e150e6e7c571630ae6"
            ],
            "version": "==1.1.5"
        },
        "attrs": {
            "hashes": [
                "sha256:4b90b09eeeb9b88c35bc642cbac057e45a5fd85367b985bd2809c62b7b939265",
                "sha256:e0d0eb91441a3b53dab4d9b743eafc1ac44476296a2053b6ca3af0b139faf87b"
            ],
            "version": "==18.1.0"
        },
        "more-itertools": {
            "hashes": [
                "sha256:2b6b9893337bfd9166bee6a62c2b0c9fe7735dcf85948b387ec8cba30e85d8e8",
                "sha256:6703844a52d3588f951883005efcf555e49566a48afd4db4e965d69b883980d3",
                "sha256:a18d870ef2ffca2b8463c0070ad17b5978056f403fb64e3f15fe62a52db21cc0"
            ],
            "version": "==4.2.0"
        },
        "pluggy": {
            "hashes": [
                "sha256:7f8ae7f5bdf75671a718d2daf0a64b7885f74510bcd98b1a0bb420eb9a9d0cff",
                "sha256:d345c8fe681115900d6da8d048ba67c25df42973bda370783cd58826442dcd7c",
                "sha256:e160a7fcf25762bb60efc7e171d4497ff1d8d2d75a3d0df7a21b76821ecbf5c5"
            ],
            "markers": "python_version >= '2.7' and python_version != '3.1.*' and python_version != '3.2.*' and python_version != '3.3.*' and python_version != '3.0.*'",
            "version": "==0.6.0"
        },
        "py": {
            "hashes": [
                "sha256:3fd59af7435864e1a243790d322d763925431213b6b8529c6ca71081ace3bbf7",
                "sha256:e31fb2767eb657cbde86c454f02e99cb846d3cd9d61b318525140214fdc0e98e"
            ],
            "markers": "python_version >= '2.7' and python_version != '3.1.*' and python_version != '3.2.*' and python_version != '3.3.*' and python_version != '3.0.*'",
            "version": "==1.5.4"
        },
        "pytest": {
            "hashes": [
                "sha256:0453c8676c2bee6feb0434748b068d5510273a916295fd61d306c4f22fbfd752",
                "sha256:4b208614ae6d98195430ad6bde03641c78553acee7c83cec2e85d613c0cd383d"
            ],
            "index": "pypi",
            "version": "==3.6.3"
        },
        "six": {
            "hashes": [
                "sha256:70e8a77beed4562e7f14fe23a786b54f6296e34344c23bc42f07b15018ff98e9",
                "sha256:832dc0e10feb1aa2c68dcc57dbb658f1c7e65b9b61af69048abc87a2db00a0eb"
            ],
            "version": "==1.11.0"
        }
    }
}
